// !$*UTF8*$!
{
	archiveVersion = 1;
	classes = {
	};
	objectVersion = 46;
	objects = {

/* Begin PBXBuildFile section */
		4D82EC051C0529D8002CAE07 /* Assemble.framework in Frameworks */ = {isa = PBXBuildFile; fileRef = 4D82EC021C0529D8002CAE07 /* Assemble.framework */; };
		4D82EC061C0529D8002CAE07 /* Parsley.framework in Frameworks */ = {isa = PBXBuildFile; fileRef = 4D82EC031C0529D8002CAE07 /* Parsley.framework */; };
		4D82EC071C0529D8002CAE07 /* Spork.framework in Frameworks */ = {isa = PBXBuildFile; fileRef = 4D82EC041C0529D8002CAE07 /* Spork.framework */; };
		4DBB3E481BDE687F00A821A1 /* main.swift in Sources */ = {isa = PBXBuildFile; fileRef = 4DBB3E471BDE687F00A821A1 /* main.swift */; };
/* End PBXBuildFile section */

/* Begin PBXContainerItemProxy section */
		4D82EC0E1C052A4E002CAE07 /* PBXContainerItemProxy */ = {
			isa = PBXContainerItemProxy;
			containerPortal = 4D82EC081C052A4E002CAE07 /* Assemble.xcodeproj */;
			proxyType = 2;
			remoteGlobalIDString = 4D52C91D1BD38A0D0019EBED;
			remoteInfo = Assemble;
		};
		4D82EC101C052A4E002CAE07 /* PBXContainerItemProxy */ = {
			isa = PBXContainerItemProxy;
			containerPortal = 4D82EC081C052A4E002CAE07 /* Assemble.xcodeproj */;
			proxyType = 2;
			remoteGlobalIDString = 4D52C9271BD38A0D0019EBED;
			remoteInfo = AssembleTests;
		};
		4D82EC121C052A4E002CAE07 /* PBXContainerItemProxy */ = {
			isa = PBXContainerItemProxy;
			containerPortal = 4D82EC081C052A4E002CAE07 /* Assemble.xcodeproj */;
			proxyType = 2;
			remoteGlobalIDString = 4D52C93D1BD38E310019EBED;
			remoteInfo = AssembleExample;
		};
		4D82EC231C052A58002CAE07 /* PBXContainerItemProxy */ = {
			isa = PBXContainerItemProxy;
			containerPortal = 4D82EC1E1C052A58002CAE07 /* Spork.xcodeproj */;
			proxyType = 2;
			remoteGlobalIDString = 4D0E2BCE1BCCC20B00826435;
			remoteInfo = Spork;
		};
		4D82EC251C052A58002CAE07 /* PBXContainerItemProxy */ = {
			isa = PBXContainerItemProxy;
			containerPortal = 4D82EC1E1C052A58002CAE07 /* Spork.xcodeproj */;
			proxyType = 2;
			remoteGlobalIDString = 4D0E2BD81BCCC20B00826435;
			remoteInfo = SporkTests;
		};
		4D82EC2C1C052A5C002CAE07 /* PBXContainerItemProxy */ = {
			isa = PBXContainerItemProxy;
			containerPortal = 4D82EC271C052A5C002CAE07 /* Parsley.xcodeproj */;
			proxyType = 2;
			remoteGlobalIDString = 4D0E2BFB1BCCD39D00826435;
			remoteInfo = Parsley;
		};
		4D82EC2E1C052A5C002CAE07 /* PBXContainerItemProxy */ = {
			isa = PBXContainerItemProxy;
			containerPortal = 4D82EC271C052A5C002CAE07 /* Parsley.xcodeproj */;
			proxyType = 2;
			remoteGlobalIDString = 4D0E2C051BCCD39D00826435;
			remoteInfo = ParsleyTests;
		};
/* End PBXContainerItemProxy section */

/* Begin PBXCopyFilesBuildPhase section */
		4DBB3E421BDE687F00A821A1 /* CopyFiles */ = {
			isa = PBXCopyFilesBuildPhase;
			buildActionMask = 2147483647;
			dstPath = /usr/share/man/man1/;
			dstSubfolderSpec = 0;
			files = (
			);
			runOnlyForDeploymentPostprocessing = 1;
		};
/* End PBXCopyFilesBuildPhase section */

/* Begin PBXFileReference section */
		4D82EC021C0529D8002CAE07 /* Assemble.framework */ = {isa = PBXFileReference; lastKnownFileType = wrapper.framework; name = Assemble.framework; path = ../Carthage/Build/Mac/Assemble.framework; sourceTree = "<group>"; };
		4D82EC031C0529D8002CAE07 /* Parsley.framework */ = {isa = PBXFileReference; lastKnownFileType = wrapper.framework; name = Parsley.framework; path = ../Carthage/Build/Mac/Parsley.framework; sourceTree = "<group>"; };
		4D82EC041C0529D8002CAE07 /* Spork.framework */ = {isa = PBXFileReference; lastKnownFileType = wrapper.framework; name = Spork.framework; path = ../Carthage/Build/Mac/Spork.framework; sourceTree = "<group>"; };
		4D82EC081C052A4E002CAE07 /* Assemble.xcodeproj */ = {isa = PBXFileReference; lastKnownFileType = "wrapper.pb-project"; name = Assemble.xcodeproj; path = ../Carthage/Checkouts/Assemble/Assemble/Assemble.xcodeproj; sourceTree = "<group>"; };
		4D82EC1E1C052A58002CAE07 /* Spork.xcodeproj */ = {isa = PBXFileReference; lastKnownFileType = "wrapper.pb-project"; name = Spork.xcodeproj; path = ../Carthage/Checkouts/Spork/Spork/Spork.xcodeproj; sourceTree = "<group>"; };
		4D82EC271C052A5C002CAE07 /* Parsley.xcodeproj */ = {isa = PBXFileReference; lastKnownFileType = "wrapper.pb-project"; name = Parsley.xcodeproj; path = "/Users/jadengeller/Documents/Code/CS81/CS-81-Project/Carthage/Checkouts/Assemble/Assemble/../../Parsley/Parsley/Parsley.xcodeproj"; sourceTree = "<absolute>"; };
		4DBB3E441BDE687F00A821A1 /* ProgrammingLanguage */ = {isa = PBXFileReference; explicitFileType = "compiled.mach-o.executable"; includeInIndex = 0; path = ProgrammingLanguage; sourceTree = BUILT_PRODUCTS_DIR; };
		4DBB3E471BDE687F00A821A1 /* main.swift */ = {isa = PBXFileReference; lastKnownFileType = sourcecode.swift; path = main.swift; sourceTree = "<group>"; };
/* End PBXFileReference section */

/* Begin PBXFrameworksBuildPhase section */
		4DBB3E411BDE687F00A821A1 /* Frameworks */ = {
			isa = PBXFrameworksBuildPhase;
			buildActionMask = 2147483647;
			files = (
				4D82EC051C0529D8002CAE07 /* Assemble.framework in Frameworks */,
				4D82EC071C0529D8002CAE07 /* Spork.framework in Frameworks */,
				4D82EC061C0529D8002CAE07 /* Parsley.framework in Frameworks */,
			);
			runOnlyForDeploymentPostprocessing = 0;
		};
/* End PBXFrameworksBuildPhase section */

/* Begin PBXGroup section */
		4D82EC091C052A4E002CAE07 /* Products */ = {
			isa = PBXGroup;
			children = (
				4D82EC0F1C052A4E002CAE07 /* Assemble.framework */,
				4D82EC111C052A4E002CAE07 /* AssembleTests.xctest */,
				4D82EC131C052A4E002CAE07 /* AssembleExample */,
			);
			name = Products;
			sourceTree = "<group>";
		};
		4D82EC1F1C052A58002CAE07 /* Products */ = {
			isa = PBXGroup;
			children = (
				4D82EC241C052A58002CAE07 /* Spork.framework */,
				4D82EC261C052A58002CAE07 /* SporkTests.xctest */,
			);
			name = Products;
			sourceTree = "<group>";
		};
		4D82EC281C052A5C002CAE07 /* Products */ = {
			isa = PBXGroup;
			children = (
				4D82EC2D1C052A5C002CAE07 /* Parsley.framework */,
				4D82EC2F1C052A5C002CAE07 /* ParsleyTests.xctest */,
			);
			name = Products;
			sourceTree = "<group>";
		};
		4DBB3E3B1BDE687F00A821A1 = {
			isa = PBXGroup;
			children = (
				4DBB3E461BDE687F00A821A1 /* ProgrammingLanguage */,
				4DBB3E451BDE687F00A821A1 /* Products */,
				4D82EC271C052A5C002CAE07 /* Parsley.xcodeproj */,
				4D82EC1E1C052A58002CAE07 /* Spork.xcodeproj */,
				4D82EC081C052A4E002CAE07 /* Assemble.xcodeproj */,
				4D82EC021C0529D8002CAE07 /* Assemble.framework */,
				4D82EC031C0529D8002CAE07 /* Parsley.framework */,
				4D82EC041C0529D8002CAE07 /* Spork.framework */,
			);
			sourceTree = "<group>";
		};
		4DBB3E451BDE687F00A821A1 /* Products */ = {
			isa = PBXGroup;
			children = (
				4DBB3E441BDE687F00A821A1 /* ProgrammingLanguage */,
			);
			name = Products;
			sourceTree = "<group>";
		};
		4DBB3E461BDE687F00A821A1 /* ProgrammingLanguage */ = {
			isa = PBXGroup;
			children = (
				4DBB3E471BDE687F00A821A1 /* main.swift */,
			);
			path = ProgrammingLanguage;
			sourceTree = "<group>";
		};
/* End PBXGroup section */

/* Begin PBXNativeTarget section */
		4DBB3E431BDE687F00A821A1 /* ProgrammingLanguage */ = {
			isa = PBXNativeTarget;
			buildConfigurationList = 4DBB3E4B1BDE687F00A821A1 /* Build configuration list for PBXNativeTarget "ProgrammingLanguage" */;
			buildPhases = (
				4DBB3E401BDE687F00A821A1 /* Sources */,
				4DBB3E411BDE687F00A821A1 /* Frameworks */,
				4DBB3E421BDE687F00A821A1 /* CopyFiles */,
			);
			buildRules = (
			);
			dependencies = (
			);
			name = ProgrammingLanguage;
			productName = ProgrammingLanguage;
			productReference = 4DBB3E441BDE687F00A821A1 /* ProgrammingLanguage */;
			productType = "com.apple.product-type.tool";
		};
/* End PBXNativeTarget section */

/* Begin PBXProject section */
		4DBB3E3C1BDE687F00A821A1 /* Project object */ = {
			isa = PBXProject;
			attributes = {
				LastSwiftUpdateCheck = 0710;
				LastUpgradeCheck = 0710;
				ORGANIZATIONNAME = "Jaden Geller";
				TargetAttributes = {
					4DBB3E431BDE687F00A821A1 = {
						CreatedOnToolsVersion = 7.1;
					};
				};
			};
			buildConfigurationList = 4DBB3E3F1BDE687F00A821A1 /* Build configuration list for PBXProject "ProgrammingLanguage" */;
			compatibilityVersion = "Xcode 3.2";
			developmentRegion = English;
			hasScannedForEncodings = 0;
			knownRegions = (
				en,
			);
			mainGroup = 4DBB3E3B1BDE687F00A821A1;
			productRefGroup = 4DBB3E451BDE687F00A821A1 /* Products */;
			projectDirPath = "";
			projectReferences = (
				{
					ProductGroup = 4D82EC091C052A4E002CAE07 /* Products */;
					ProjectRef = 4D82EC081C052A4E002CAE07 /* Assemble.xcodeproj */;
				},
				{
					ProductGroup = 4D82EC281C052A5C002CAE07 /* Products */;
					ProjectRef = 4D82EC271C052A5C002CAE07 /* Parsley.xcodeproj */;
				},
				{
					ProductGroup = 4D82EC1F1C052A58002CAE07 /* Products */;
					ProjectRef = 4D82EC1E1C052A58002CAE07 /* Spork.xcodeproj */;
				},
			);
			projectRoot = "";
			targets = (
				4DBB3E431BDE687F00A821A1 /* ProgrammingLanguage */,
			);
		};
/* End PBXProject section */

/* Begin PBXReferenceProxy section */
		4D82EC0F1C052A4E002CAE07 /* Assemble.framework */ = {
			isa = PBXReferenceProxy;
			fileType = wrapper.framework;
			path = Assemble.framework;
			remoteRef = 4D82EC0E1C052A4E002CAE07 /* PBXContainerItemProxy */;
			sourceTree = BUILT_PRODUCTS_DIR;
		};
		4D82EC111C052A4E002CAE07 /* AssembleTests.xctest */ = {
			isa = PBXReferenceProxy;
			fileType = wrapper.cfbundle;
			path = AssembleTests.xctest;
			remoteRef = 4D82EC101C052A4E002CAE07 /* PBXContainerItemProxy */;
			sourceTree = BUILT_PRODUCTS_DIR;
		};
		4D82EC131C052A4E002CAE07 /* AssembleExample */ = {
			isa = PBXReferenceProxy;
			fileType = "compiled.mach-o.executable";
			path = AssembleExample;
			remoteRef = 4D82EC121C052A4E002CAE07 /* PBXContainerItemProxy */;
			sourceTree = BUILT_PRODUCTS_DIR;
		};
		4D82EC241C052A58002CAE07 /* Spork.framework */ = {
			isa = PBXReferenceProxy;
			fileType = wrapper.framework;
			path = Spork.framework;
			remoteRef = 4D82EC231C052A58002CAE07 /* PBXContainerItemProxy */;
			sourceTree = BUILT_PRODUCTS_DIR;
		};
		4D82EC261C052A58002CAE07 /* SporkTests.xctest */ = {
			isa = PBXReferenceProxy;
			fileType = wrapper.cfbundle;
			path = SporkTests.xctest;
			remoteRef = 4D82EC251C052A58002CAE07 /* PBXContainerItemProxy */;
			sourceTree = BUILT_PRODUCTS_DIR;
		};
		4D82EC2D1C052A5C002CAE07 /* Parsley.framework */ = {
			isa = PBXReferenceProxy;
			fileType = wrapper.framework;
			path = Parsley.framework;
			remoteRef = 4D82EC2C1C052A5C002CAE07 /* PBXContainerItemProxy */;
			sourceTree = BUILT_PRODUCTS_DIR;
		};
		4D82EC2F1C052A5C002CAE07 /* ParsleyTests.xctest */ = {
			isa = PBXReferenceProxy;
			fileType = wrapper.cfbundle;
			path = ParsleyTests.xctest;
			remoteRef = 4D82EC2E1C052A5C002CAE07 /* PBXContainerItemProxy */;
			sourceTree = BUILT_PRODUCTS_DIR;
		};
/* End PBXReferenceProxy section */

/* Begin PBXSourcesBuildPhase section */
		4DBB3E401BDE687F00A821A1 /* Sources */ = {
			isa = PBXSourcesBuildPhase;
			buildActionMask = 2147483647;
			files = (
				4DBB3E481BDE687F00A821A1 /* main.swift in Sources */,
			);
			runOnlyForDeploymentPostprocessing = 0;
		};
/* End PBXSourcesBuildPhase section */

/* Begin XCBuildConfiguration section */
		4DBB3E491BDE687F00A821A1 /* Debug */ = {
			isa = XCBuildConfiguration;
			buildSettings = {
				ALWAYS_SEARCH_USER_PATHS = NO;
				CLANG_CXX_LANGUAGE_STANDARD = "gnu++0x";
				CLANG_CXX_LIBRARY = "libc++";
				CLANG_ENABLE_MODULES = YES;
				CLANG_ENABLE_OBJC_ARC = YES;
				CLANG_WARN_BOOL_CONVERSION = YES;
				CLANG_WARN_CONSTANT_CONVERSION = YES;
				CLANG_WARN_DIRECT_OBJC_ISA_USAGE = YES_ERROR;
				CLANG_WARN_EMPTY_BODY = YES;
				CLANG_WARN_ENUM_CONVERSION = YES;
				CLANG_WARN_INT_CONVERSION = YES;
				CLANG_WARN_OBJC_ROOT_CLASS = YES_ERROR;
				CLANG_WARN_UNREACHABLE_CODE = YES;
				CLANG_WARN__DUPLICATE_METHOD_MATCH = YES;
				CODE_SIGN_IDENTITY = "-";
				COPY_PHASE_STRIP = NO;
				DEBUG_INFORMATION_FORMAT = dwarf;
				ENABLE_STRICT_OBJC_MSGSEND = YES;
				ENABLE_TESTABILITY = YES;
				GCC_C_LANGUAGE_STANDARD = gnu99;
				GCC_DYNAMIC_NO_PIC = NO;
				GCC_NO_COMMON_BLOCKS = YES;
				GCC_OPTIMIZATION_LEVEL = 0;
				GCC_PREPROCESSOR_DEFINITIONS = (
					"DEBUG=1",
					"$(inherited)",
				);
				GCC_WARN_64_TO_32_BIT_CONVERSION = YES;
				GCC_WARN_ABOUT_RETURN_TYPE = YES_ERROR;
				GCC_WARN_UNDECLARED_SELECTOR = YES;
				GCC_WARN_UNINITIALIZED_AUTOS = YES_AGGRESSIVE;
				GCC_WARN_UNUSED_FUNCTION = YES;
				GCC_WARN_UNUSED_VARIABLE = YES;
				MACOSX_DEPLOYMENT_TARGET = 10.11;
				MTL_ENABLE_DEBUG_INFO = YES;
				ONLY_ACTIVE_ARCH = YES;
				SDKROOT = macosx;
				SWIFT_OPTIMIZATION_LEVEL = "-Onone";
			};
			name = Debug;
		};
		4DBB3E4A1BDE687F00A821A1 /* Release */ = {
			isa = XCBuildConfiguration;
			buildSettings = {
				ALWAYS_SEARCH_USER_PATHS = NO;
				CLANG_CXX_LANGUAGE_STANDARD = "gnu++0x";
				CLANG_CXX_LIBRARY = "libc++";
				CLANG_ENABLE_MODULES = YES;
				CLANG_ENABLE_OBJC_ARC = YES;
				CLANG_WARN_BOOL_CONVERSION = YES;
				CLANG_WARN_CONSTANT_CONVERSION = YES;
				CLANG_WARN_DIRECT_OBJC_ISA_USAGE = YES_ERROR;
				CLANG_WARN_EMPTY_BODY = YES;
				CLANG_WARN_ENUM_CONVERSION = YES;
				CLANG_WARN_INT_CONVERSION = YES;
				CLANG_WARN_OBJC_ROOT_CLASS = YES_ERROR;
				CLANG_WARN_UNREACHABLE_CODE = YES;
				CLANG_WARN__DUPLICATE_METHOD_MATCH = YES;
				CODE_SIGN_IDENTITY = "-";
				COPY_PHASE_STRIP = NO;
				DEBUG_INFORMATION_FORMAT = "dwarf-with-dsym";
				ENABLE_NS_ASSERTIONS = NO;
				ENABLE_STRICT_OBJC_MSGSEND = YES;
				GCC_C_LANGUAGE_STANDARD = gnu99;
				GCC_NO_COMMON_BLOCKS = YES;
				GCC_WARN_64_TO_32_BIT_CONVERSION = YES;
				GCC_WARN_ABOUT_RETURN_TYPE = YES_ERROR;
				GCC_WARN_UNDECLARED_SELECTOR = YES;
				GCC_WARN_UNINITIALIZED_AUTOS = YES_AGGRESSIVE;
				GCC_WARN_UNUSED_FUNCTION = YES;
				GCC_WARN_UNUSED_VARIABLE = YES;
				MACOSX_DEPLOYMENT_TARGET = 10.11;
				MTL_ENABLE_DEBUG_INFO = NO;
				SDKROOT = macosx;
			};
			name = Release;
		};
		4DBB3E4C1BDE687F00A821A1 /* Debug */ = {
			isa = XCBuildConfiguration;
			buildSettings = {
				EMBEDDED_CONTENT_CONTAINS_SWIFT = YES;
				FRAMEWORK_SEARCH_PATHS = (
					"$(inherited)",
					"$(PROJECT_DIR)",
				);
				LD_RUNPATH_SEARCH_PATHS = "@executable_path/Frameworks $(inherited)";
				PRODUCT_NAME = "$(TARGET_NAME)";
			};
			name = Debug;
		};
		4DBB3E4D1BDE687F00A821A1 /* Release */ = {
			isa = XCBuildConfiguration;
			buildSettings = {
				EMBEDDED_CONTENT_CONTAINS_SWIFT = YES;
				FRAMEWORK_SEARCH_PATHS = (
					"$(inherited)",
					"$(PROJECT_DIR)",
				);
				LD_RUNPATH_SEARCH_PATHS = "@executable_path/Frameworks $(inherited)";
				PRODUCT_NAME = "$(TARGET_NAME)";
			};
			name = Release;
		};
/* End XCBuildConfiguration section */

/* Begin XCConfigurationList section */
		4DBB3E3F1BDE687F00A821A1 /* Build configuration list for PBXProject "ProgrammingLanguage" */ = {
			isa = XCConfigurationList;
			buildConfigurations = (
				4DBB3E491BDE687F00A821A1 /* Debug */,
				4DBB3E4A1BDE687F00A821A1 /* Release */,
			);
			defaultConfigurationIsVisible = 0;
			defaultConfigurationName = Release;
		};
		4DBB3E4B1BDE687F00A821A1 /* Build configuration list for PBXNativeTarget "ProgrammingLanguage" */ = {
			isa = XCConfigurationList;
			buildConfigurations = (
				4DBB3E4C1BDE687F00A821A1 /* Debug */,
				4DBB3E4D1BDE687F00A821A1 /* Release */,
			);
			defaultConfigurationIsVisible = 0;
			defaultConfigurationName = Release;
		};
/* End XCConfigurationList section */
	};
	rootObject = 4DBB3E3C1BDE687F00A821A1 /* Project object */;
}
